// !$*UTF8*$!
{
	archiveVersion = 1;
	classes = {
	};
	objectVersion = 56;
	objects = {

/* Begin PBXBuildFile section */
		C4AFD8982C68F5F700DB6225 /* AppDelegate.swift in Sources */ = {isa = PBXBuildFile; fileRef = C4AFD8972C68F5F700DB6225 /* AppDelegate.swift */; };
		C4AFD89A2C68F5F700DB6225 /* SceneDelegate.swift in Sources */ = {isa = PBXBuildFile; fileRef = C4AFD8992C68F5F700DB6225 /* SceneDelegate.swift */; };
		C4AFD89C2C68F5F700DB6225 /* ViewController.swift in Sources */ = {isa = PBXBuildFile; fileRef = C4AFD89B2C68F5F700DB6225 /* ViewController.swift */; };
		C4AFD8A12C68F5F800DB6225 /* Assets.xcassets in Resources */ = {isa = PBXBuildFile; fileRef = C4AFD8A02C68F5F800DB6225 /* Assets.xcassets */; };
		C4AFD8A42C68F5F800DB6225 /* Base in Resources */ = {isa = PBXBuildFile; fileRef = C4AFD8A32C68F5F800DB6225 /* Base */; };
		C4AFD8AC2C68F61A00DB6225 /* Main.storyboard in Resources */ = {isa = PBXBuildFile; fileRef = C4AFD8AB2C68F61A00DB6225 /* Main.storyboard */; };
		C4AFD8B32C6CF9D700DB6225 /* SingUpVC.swift in Sources */ = {isa = PBXBuildFile; fileRef = C4AFD8B22C6CF9D700DB6225 /* SingUpVC.swift */; };
		C4AFD8BA2C6D2B0500DB6225 /* SnapKit in Frameworks */ = {isa = PBXBuildFile; productRef = C4AFD8B92C6D2B0500DB6225 /* SnapKit */; };
		C4AFD8C22C6F8A9300DB6225 /* HomeVC.swift in Sources */ = {isa = PBXBuildFile; fileRef = C4AFD8C12C6F8A9300DB6225 /* HomeVC.swift */; };
		C4AFD8C72C722CDE00DB6225 /* HomeImageTVC.xib in Resources */ = {isa = PBXBuildFile; fileRef = C4AFD8C62C722CDE00DB6225 /* HomeImageTVC.xib */; };
		C4AFD8C92C722CF200DB6225 /* HomeImageTVC.swift in Sources */ = {isa = PBXBuildFile; fileRef = C4AFD8C82C722CF200DB6225 /* HomeImageTVC.swift */; };
		C4AFD8CD2C723CBD00DB6225 /* HomeCollectionTVC.xib in Resources */ = {isa = PBXBuildFile; fileRef = C4AFD8CC2C723CBD00DB6225 /* HomeCollectionTVC.xib */; };
		C4AFD8CF2C723CDD00DB6225 /* HomeCollectionTVC.swift in Sources */ = {isa = PBXBuildFile; fileRef = C4AFD8CE2C723CDD00DB6225 /* HomeCollectionTVC.swift */; };
		C4AFD8D52C7240C000DB6225 /* HomeCVC.xib in Resources */ = {isa = PBXBuildFile; fileRef = C4AFD8D42C7240C000DB6225 /* HomeCVC.xib */; };
		C4AFD8D72C7240E800DB6225 /* HomeCVC.swift in Sources */ = {isa = PBXBuildFile; fileRef = C4AFD8D62C7240E800DB6225 /* HomeCVC.swift */; };
		C4AFD8DB2C724B2E00DB6225 /* Extensions.swift in Sources */ = {isa = PBXBuildFile; fileRef = C4AFD8DA2C724B2E00DB6225 /* Extensions.swift */; };
/* End PBXBuildFile section */

/* Begin PBXCopyFilesBuildPhase section */
		C4AFD8BE2C6D2F4C00DB6225 /* Embed Frameworks */ = {
			isa = PBXCopyFilesBuildPhase;
			buildActionMask = 2147483647;
			dstPath = "";
			dstSubfolderSpec = 10;
			files = (
			);
			name = "Embed Frameworks";
			runOnlyForDeploymentPostprocessing = 0;
		};
/* End PBXCopyFilesBuildPhase section */

/* Begin PBXFileReference section */
		C4AFD8942C68F5F700DB6225 /* SportEventApp2.0.app */ = {isa = PBXFileReference; explicitFileType = wrapper.application; includeInIndex = 0; path = SportEventApp2.0.app; sourceTree = BUILT_PRODUCTS_DIR; };
		C4AFD8972C68F5F700DB6225 /* AppDelegate.swift */ = {isa = PBXFileReference; lastKnownFileType = sourcecode.swift; path = AppDelegate.swift; sourceTree = "<group>"; };
		C4AFD8992C68F5F700DB6225 /* SceneDelegate.swift */ = {isa = PBXFileReference; lastKnownFileType = sourcecode.swift; path = SceneDelegate.swift; sourceTree = "<group>"; };
		C4AFD89B2C68F5F700DB6225 /* ViewController.swift */ = {isa = PBXFileReference; lastKnownFileType = sourcecode.swift; path = ViewController.swift; sourceTree = "<group>"; };
		C4AFD8A02C68F5F800DB6225 /* Assets.xcassets */ = {isa = PBXFileReference; lastKnownFileType = folder.assetcatalog; path = Assets.xcassets; sourceTree = "<group>"; };
		C4AFD8A32C68F5F800DB6225 /* Base */ = {isa = PBXFileReference; lastKnownFileType = file.storyboard; name = Base; path = Base.lproj/LaunchScreen.storyboard; sourceTree = "<group>"; };
		C4AFD8A52C68F5F800DB6225 /* Info.plist */ = {isa = PBXFileReference; lastKnownFileType = text.plist.xml; path = Info.plist; sourceTree = "<group>"; };
		C4AFD8AB2C68F61A00DB6225 /* Main.storyboard */ = {isa = PBXFileReference; fileEncoding = 4; lastKnownFileType = file.storyboard; path = Main.storyboard; sourceTree = "<group>"; };
		C4AFD8B22C6CF9D700DB6225 /* SingUpVC.swift */ = {isa = PBXFileReference; lastKnownFileType = sourcecode.swift; path = SingUpVC.swift; sourceTree = "<group>"; };
		C4AFD8C12C6F8A9300DB6225 /* HomeVC.swift */ = {isa = PBXFileReference; lastKnownFileType = sourcecode.swift; path = HomeVC.swift; sourceTree = "<group>"; };
		C4AFD8C62C722CDE00DB6225 /* HomeImageTVC.xib */ = {isa = PBXFileReference; lastKnownFileType = file.xib; path = HomeImageTVC.xib; sourceTree = "<group>"; };
		C4AFD8C82C722CF200DB6225 /* HomeImageTVC.swift */ = {isa = PBXFileReference; lastKnownFileType = sourcecode.swift; path = HomeImageTVC.swift; sourceTree = "<group>"; };
		C4AFD8CC2C723CBD00DB6225 /* HomeCollectionTVC.xib */ = {isa = PBXFileReference; lastKnownFileType = file.xib; path = HomeCollectionTVC.xib; sourceTree = "<group>"; };
		C4AFD8CE2C723CDD00DB6225 /* HomeCollectionTVC.swift */ = {isa = PBXFileReference; lastKnownFileType = sourcecode.swift; path = HomeCollectionTVC.swift; sourceTree = "<group>"; };
		C4AFD8D42C7240C000DB6225 /* HomeCVC.xib */ = {isa = PBXFileReference; lastKnownFileType = file.xib; path = HomeCVC.xib; sourceTree = "<group>"; };
		C4AFD8D62C7240E800DB6225 /* HomeCVC.swift */ = {isa = PBXFileReference; lastKnownFileType = sourcecode.swift; path = HomeCVC.swift; sourceTree = "<group>"; };
		C4AFD8DA2C724B2E00DB6225 /* Extensions.swift */ = {isa = PBXFileReference; lastKnownFileType = sourcecode.swift; path = Extensions.swift; sourceTree = "<group>"; };
/* End PBXFileReference section */

/* Begin PBXFrameworksBuildPhase section */
		C4AFD8912C68F5F700DB6225 /* Frameworks */ = {
			isa = PBXFrameworksBuildPhase;
			buildActionMask = 2147483647;
			files = (
				C4AFD8BA2C6D2B0500DB6225 /* SnapKit in Frameworks */,
			);
			runOnlyForDeploymentPostprocessing = 0;
		};
/* End PBXFrameworksBuildPhase section */

/* Begin PBXGroup section */
		C4AFD88B2C68F5F700DB6225 = {
			isa = PBXGroup;
			children = (
				C4AFD8962C68F5F700DB6225 /* SportEventApp2.0 */,
				C4AFD8952C68F5F700DB6225 /* Products */,
			);
			sourceTree = "<group>";
		};
		C4AFD8952C68F5F700DB6225 /* Products */ = {
			isa = PBXGroup;
			children = (
				C4AFD8942C68F5F700DB6225 /* SportEventApp2.0.app */,
			);
			name = Products;
			sourceTree = "<group>";
		};
		C4AFD8962C68F5F700DB6225 /* SportEventApp2.0 */ = {
			isa = PBXGroup;
			children = (
				C4AFD8972C68F5F700DB6225 /* AppDelegate.swift */,
				C4AFD8992C68F5F700DB6225 /* SceneDelegate.swift */,
				C4AFD89B2C68F5F700DB6225 /* ViewController.swift */,
				C4AFD8D22C72408D00DB6225 /* Cells */,
				C4AFD8DA2C724B2E00DB6225 /* Extensions.swift */,
				C4AFD8B42C6CF9DF00DB6225 /* VC */,
				C4AFD8AB2C68F61A00DB6225 /* Main.storyboard */,
				C4AFD8A02C68F5F800DB6225 /* Assets.xcassets */,
				C4AFD8A22C68F5F800DB6225 /* LaunchScreen.storyboard */,
				C4AFD8A52C68F5F800DB6225 /* Info.plist */,
			);
			path = SportEventApp2.0;
			sourceTree = "<group>";
		};
		C4AFD8B42C6CF9DF00DB6225 /* VC */ = {
			isa = PBXGroup;
			children = (
				C4AFD8B22C6CF9D700DB6225 /* SingUpVC.swift */,
				C4AFD8C12C6F8A9300DB6225 /* HomeVC.swift */,
			);
			path = VC;
			sourceTree = "<group>";
		};
		C4AFD8C52C722C8900DB6225 /* TVC */ = {
			isa = PBXGroup;
			children = (
				C4AFD8CA2C723C8100DB6225 /* HomeImage */,
				C4AFD8CB2C723C9600DB6225 /* HomeCollection */,
			);
			path = TVC;
			sourceTree = "<group>";
		};
		C4AFD8CA2C723C8100DB6225 /* HomeImage */ = {
			isa = PBXGroup;
			children = (
				C4AFD8C62C722CDE00DB6225 /* HomeImageTVC.xib */,
				C4AFD8C82C722CF200DB6225 /* HomeImageTVC.swift */,
			);
			path = HomeImage;
			sourceTree = "<group>";
		};
		C4AFD8CB2C723C9600DB6225 /* HomeCollection */ = {
			isa = PBXGroup;
			children = (
				C4AFD8CC2C723CBD00DB6225 /* HomeCollectionTVC.xib */,
				C4AFD8CE2C723CDD00DB6225 /* HomeCollectionTVC.swift */,
			);
			path = HomeCollection;
			sourceTree = "<group>";
		};
		C4AFD8D22C72408D00DB6225 /* Cells */ = {
			isa = PBXGroup;
			children = (
				C4AFD8D32C72409B00DB6225 /* CVC */,
				C4AFD8C52C722C8900DB6225 /* TVC */,
			);
			path = Cells;
			sourceTree = "<group>";
		};
		C4AFD8D32C72409B00DB6225 /* CVC */ = {
			isa = PBXGroup;
			children = (
				C4AFD8D42C7240C000DB6225 /* HomeCVC.xib */,
				C4AFD8D62C7240E800DB6225 /* HomeCVC.swift */,
			);
			path = CVC;
			sourceTree = "<group>";
		};
/* End PBXGroup section */

/* Begin PBXNativeTarget section */
		C4AFD8932C68F5F700DB6225 /* SportEventApp2.0 */ = {
			isa = PBXNativeTarget;
			buildConfigurationList = C4AFD8A82C68F5F800DB6225 /* Build configuration list for PBXNativeTarget "SportEventApp2.0" */;
			buildPhases = (
				C4AFD8902C68F5F700DB6225 /* Sources */,
				C4AFD8912C68F5F700DB6225 /* Frameworks */,
				C4AFD8922C68F5F700DB6225 /* Resources */,
				C4AFD8BE2C6D2F4C00DB6225 /* Embed Frameworks */,
			);
			buildRules = (
			);
			dependencies = (
			);
			name = SportEventApp2.0;
			packageProductDependencies = (
				C4AFD8B92C6D2B0500DB6225 /* SnapKit */,
			);
			productName = SportEventApp2.0;
			productReference = C4AFD8942C68F5F700DB6225 /* SportEventApp2.0.app */;
			productType = "com.apple.product-type.application";
		};
/* End PBXNativeTarget section */

/* Begin PBXProject section */
		C4AFD88C2C68F5F700DB6225 /* Project object */ = {
			isa = PBXProject;
			attributes = {
				BuildIndependentTargetsInParallel = 1;
				LastSwiftUpdateCheck = 1540;
				LastUpgradeCheck = 1540;
				TargetAttributes = {
					C4AFD8932C68F5F700DB6225 = {
						CreatedOnToolsVersion = 15.4;
					};
				};
			};
			buildConfigurationList = C4AFD88F2C68F5F700DB6225 /* Build configuration list for PBXProject "SportEventApp2.0" */;
			compatibilityVersion = "Xcode 14.0";
			developmentRegion = en;
			hasScannedForEncodings = 0;
			knownRegions = (
				en,
				Base,
			);
			mainGroup = C4AFD88B2C68F5F700DB6225;
			packageReferences = (
				C4AFD8B82C6D2B0500DB6225 /* XCRemoteSwiftPackageReference "SnapKit" */,
			);
			productRefGroup = C4AFD8952C68F5F700DB6225 /* Products */;
			projectDirPath = "";
			projectRoot = "";
			targets = (
				C4AFD8932C68F5F700DB6225 /* SportEventApp2.0 */,
			);
		};
/* End PBXProject section */

/* Begin PBXResourcesBuildPhase section */
		C4AFD8922C68F5F700DB6225 /* Resources */ = {
			isa = PBXResourcesBuildPhase;
			buildActionMask = 2147483647;
			files = (
				C4AFD8A12C68F5F800DB6225 /* Assets.xcassets in Resources */,
				C4AFD8A42C68F5F800DB6225 /* Base in Resources */,
				C4AFD8AC2C68F61A00DB6225 /* Main.storyboard in Resources */,
				C4AFD8CD2C723CBD00DB6225 /* HomeCollectionTVC.xib in Resources */,
				C4AFD8C72C722CDE00DB6225 /* HomeImageTVC.xib in Resources */,
				C4AFD8D52C7240C000DB6225 /* HomeCVC.xib in Resources */,
			);
			runOnlyForDeploymentPostprocessing = 0;
		};
/* End PBXResourcesBuildPhase section */

/* Begin PBXSourcesBuildPhase section */
		C4AFD8902C68F5F700DB6225 /* Sources */ = {
			isa = PBXSourcesBuildPhase;
			buildActionMask = 2147483647;
			files = (
				C4AFD8B32C6CF9D700DB6225 /* SingUpVC.swift in Sources */,
				C4AFD89C2C68F5F700DB6225 /* ViewController.swift in Sources */,
				C4AFD8C22C6F8A9300DB6225 /* HomeVC.swift in Sources */,
				C4AFD8C92C722CF200DB6225 /* HomeImageTVC.swift in Sources */,
				C4AFD8DB2C724B2E00DB6225 /* Extensions.swift in Sources */,
				C4AFD8982C68F5F700DB6225 /* AppDelegate.swift in Sources */,
				C4AFD8D72C7240E800DB6225 /* HomeCVC.swift in Sources */,
				C4AFD89A2C68F5F700DB6225 /* SceneDelegate.swift in Sources */,
				C4AFD8CF2C723CDD00DB6225 /* HomeCollectionTVC.swift in Sources */,
			);
			runOnlyForDeploymentPostprocessing = 0;
		};
/* End PBXSourcesBuildPhase section */

/* Begin PBXVariantGroup section */
		C4AFD8A22C68F5F800DB6225 /* LaunchScreen.storyboard */ = {
			isa = PBXVariantGroup;
			children = (
				C4AFD8A32C68F5F800DB6225 /* Base */,
			);
			name = LaunchScreen.storyboard;
			sourceTree = "<group>";
		};
/* End PBXVariantGroup section */

/* Begin XCBuildConfiguration section */
		C4AFD8A62C68F5F800DB6225 /* Debug */ = {
			isa = XCBuildConfiguration;
			buildSettings = {
				ALWAYS_SEARCH_USER_PATHS = NO;
				ASSETCATALOG_COMPILER_GENERATE_SWIFT_ASSET_SYMBOL_EXTENSIONS = YES;
				CLANG_ANALYZER_NONNULL = YES;
				CLANG_ANALYZER_NUMBER_OBJECT_CONVERSION = YES_AGGRESSIVE;
				CLANG_CXX_LANGUAGE_STANDARD = "gnu++20";
				CLANG_ENABLE_MODULES = YES;
				CLANG_ENABLE_OBJC_ARC = YES;
				CLANG_ENABLE_OBJC_WEAK = YES;
				CLANG_WARN_BLOCK_CAPTURE_AUTORELEASING = YES;
				CLANG_WARN_BOOL_CONVERSION = YES;
				CLANG_WARN_COMMA = YES;
				CLANG_WARN_CONSTANT_CONVERSION = YES;
				CLANG_WARN_DEPRECATED_OBJC_IMPLEMENTATIONS = YES;
				CLANG_WARN_DIRECT_OBJC_ISA_USAGE = YES_ERROR;
				CLANG_WARN_DOCUMENTATION_COMMENTS = YES;
				CLANG_WARN_EMPTY_BODY = YES;
				CLANG_WARN_ENUM_CONVERSION = YES;
				CLANG_WARN_INFINITE_RECURSION = YES;
				CLANG_WARN_INT_CONVERSION = YES;
				CLANG_WARN_NON_LITERAL_NULL_CONVERSION = YES;
				CLANG_WARN_OBJC_IMPLICIT_RETAIN_SELF = YES;
				CLANG_WARN_OBJC_LITERAL_CONVERSION = YES;
				CLANG_WARN_OBJC_ROOT_CLASS = YES_ERROR;
				CLANG_WARN_QUOTED_INCLUDE_IN_FRAMEWORK_HEADER = YES;
				CLANG_WARN_RANGE_LOOP_ANALYSIS = YES;
				CLANG_WARN_STRICT_PROTOTYPES = YES;
				CLANG_WARN_SUSPICIOUS_MOVE = YES;
				CLANG_WARN_UNGUARDED_AVAILABILITY = YES_AGGRESSIVE;
				CLANG_WARN_UNREACHABLE_CODE = YES;
				CLANG_WARN__DUPLICATE_METHOD_MATCH = YES;
				COPY_PHASE_STRIP = NO;
				DEBUG_INFORMATION_FORMAT = dwarf;
				ENABLE_STRICT_OBJC_MSGSEND = YES;
				ENABLE_TESTABILITY = YES;
				ENABLE_USER_SCRIPT_SANDBOXING = YES;
				GCC_C_LANGUAGE_STANDARD = gnu17;
				GCC_DYNAMIC_NO_PIC = NO;
				GCC_NO_COMMON_BLOCKS = YES;
				GCC_OPTIMIZATION_LEVEL = 0;
				GCC_PREPROCESSOR_DEFINITIONS = (
					"DEBUG=1",
					"$(inherited)",
				);
				GCC_WARN_64_TO_32_BIT_CONVERSION = YES;
				GCC_WARN_ABOUT_RETURN_TYPE = YES_ERROR;
				GCC_WARN_UNDECLARED_SELECTOR = YES;
				GCC_WARN_UNINITIALIZED_AUTOS = YES_AGGRESSIVE;
				GCC_WARN_UNUSED_FUNCTION = YES;
				GCC_WARN_UNUSED_VARIABLE = YES;
				IPHONEOS_DEPLOYMENT_TARGET = 17.5;
				LOCALIZATION_PREFERS_STRING_CATALOGS = YES;
				MTL_ENABLE_DEBUG_INFO = INCLUDE_SOURCE;
				MTL_FAST_MATH = YES;
				ONLY_ACTIVE_ARCH = YES;
				SDKROOT = iphoneos;
				SWIFT_ACTIVE_COMPILATION_CONDITIONS = "DEBUG $(inherited)";
				SWIFT_OPTIMIZATION_LEVEL = "-Onone";
			};
			name = Debug;
		};
		C4AFD8A72C68F5F800DB6225 /* Release */ = {
			isa = XCBuildConfiguration;
			buildSettings = {
				ALWAYS_SEARCH_USER_PATHS = NO;
				ASSETCATALOG_COMPILER_GENERATE_SWIFT_ASSET_SYMBOL_EXTENSIONS = YES;
				CLANG_ANALYZER_NONNULL = YES;
				CLANG_ANALYZER_NUMBER_OBJECT_CONVERSION = YES_AGGRESSIVE;
				CLANG_CXX_LANGUAGE_STANDARD = "gnu++20";
				CLANG_ENABLE_MODULES = YES;
				CLANG_ENABLE_OBJC_ARC = YES;
				CLANG_ENABLE_OBJC_WEAK = YES;
				CLANG_WARN_BLOCK_CAPTURE_AUTORELEASING = YES;
				CLANG_WARN_BOOL_CONVERSION = YES;
				CLANG_WARN_COMMA = YES;
				CLANG_WARN_CONSTANT_CONVERSION = YES;
				CLANG_WARN_DEPRECATED_OBJC_IMPLEMENTATIONS = YES;
				CLANG_WARN_DIRECT_OBJC_ISA_USAGE = YES_ERROR;
				CLANG_WARN_DOCUMENTATION_COMMENTS = YES;
				CLANG_WARN_EMPTY_BODY = YES;
				CLANG_WARN_ENUM_CONVERSION = YES;
				CLANG_WARN_INFINITE_RECURSION = YES;
				CLANG_WARN_INT_CONVERSION = YES;
				CLANG_WARN_NON_LITERAL_NULL_CONVERSION = YES;
				CLANG_WARN_OBJC_IMPLICIT_RETAIN_SELF = YES;
				CLANG_WARN_OBJC_LITERAL_CONVERSION = YES;
				CLANG_WARN_OBJC_ROOT_CLASS = YES_ERROR;
				CLANG_WARN_QUOTED_INCLUDE_IN_FRAMEWORK_HEADER = YES;
				CLANG_WARN_RANGE_LOOP_ANALYSIS = YES;
				CLANG_WARN_STRICT_PROTOTYPES = YES;
				CLANG_WARN_SUSPICIOUS_MOVE = YES;
				CLANG_WARN_UNGUARDED_AVAILABILITY = YES_AGGRESSIVE;
				CLANG_WARN_UNREACHABLE_CODE = YES;
				CLANG_WARN__DUPLICATE_METHOD_MATCH = YES;
				COPY_PHASE_STRIP = NO;
				DEBUG_INFORMATION_FORMAT = "dwarf-with-dsym";
				ENABLE_NS_ASSERTIONS = NO;
				ENABLE_STRICT_OBJC_MSGSEND = YES;
				ENABLE_USER_SCRIPT_SANDBOXING = YES;
				GCC_C_LANGUAGE_STANDARD = gnu17;
				GCC_NO_COMMON_BLOCKS = YES;
				GCC_WARN_64_TO_32_BIT_CONVERSION = YES;
				GCC_WARN_ABOUT_RETURN_TYPE = YES_ERROR;
				GCC_WARN_UNDECLARED_SELECTOR = YES;
				GCC_WARN_UNINITIALIZED_AUTOS = YES_AGGRESSIVE;
				GCC_WARN_UNUSED_FUNCTION = YES;
				GCC_WARN_UNUSED_VARIABLE = YES;
				IPHONEOS_DEPLOYMENT_TARGET = 17.5;
				LOCALIZATION_PREFERS_STRING_CATALOGS = YES;
				MTL_ENABLE_DEBUG_INFO = NO;
				MTL_FAST_MATH = YES;
				SDKROOT = iphoneos;
				SWIFT_COMPILATION_MODE = wholemodule;
				VALIDATE_PRODUCT = YES;
			};
			name = Release;
		};
		C4AFD8A92C68F5F800DB6225 /* Debug */ = {
			isa = XCBuildConfiguration;
			buildSettings = {
				ASSETCATALOG_COMPILER_APPICON_NAME = AppIcon;
				ASSETCATALOG_COMPILER_GLOBAL_ACCENT_COLOR_NAME = AccentColor;
				CODE_SIGN_STYLE = Automatic;
				CURRENT_PROJECT_VERSION = 1;
				DEVELOPMENT_TEAM = WTV3NBFGBN;
				GENERATE_INFOPLIST_FILE = YES;
				INFOPLIST_FILE = SportEventApp2.0/Info.plist;
				INFOPLIST_KEY_UIApplicationSupportsIndirectInputEvents = YES;
				INFOPLIST_KEY_UILaunchStoryboardName = LaunchScreen;
				INFOPLIST_KEY_UIMainStoryboardFile = Main;
				INFOPLIST_KEY_UISupportedInterfaceOrientations_iPad = "UIInterfaceOrientationPortrait UIInterfaceOrientationPortraitUpsideDown UIInterfaceOrientationLandscapeLeft UIInterfaceOrientationLandscapeRight";
				INFOPLIST_KEY_UISupportedInterfaceOrientations_iPhone = "UIInterfaceOrientationPortrait UIInterfaceOrientationLandscapeLeft UIInterfaceOrientationLandscapeRight";
				LD_RUNPATH_SEARCH_PATHS = (
					"$(inherited)",
					"@executable_path/Frameworks",
				);
				MARKETING_VERSION = 1.0;
				PRODUCT_BUNDLE_IDENTIFIER = "borys.fedorchak.SportEventApp2-0";
				PRODUCT_NAME = "$(TARGET_NAME)";
				SWIFT_EMIT_LOC_STRINGS = YES;
				SWIFT_VERSION = 5.0;
				TARGETED_DEVICE_FAMILY = "1,2";
			};
			name = Debug;
		};
		C4AFD8AA2C68F5F800DB6225 /* Release */ = {
			isa = XCBuildConfiguration;
			buildSettings = {
				ASSETCATALOG_COMPILER_APPICON_NAME = AppIcon;
				ASSETCATALOG_COMPILER_GLOBAL_ACCENT_COLOR_NAME = AccentColor;
				CODE_SIGN_STYLE = Automatic;
				CURRENT_PROJECT_VERSION = 1;
				DEVELOPMENT_TEAM = WTV3NBFGBN;
				GENERATE_INFOPLIST_FILE = YES;
				INFOPLIST_FILE = SportEventApp2.0/Info.plist;
				INFOPLIST_KEY_UIApplicationSupportsIndirectInputEvents = YES;
				INFOPLIST_KEY_UILaunchStoryboardName = LaunchScreen;
				INFOPLIST_KEY_UIMainStoryboardFile = Main;
				INFOPLIST_KEY_UISupportedInterfaceOrientations_iPad = "UIInterfaceOrientationPortrait UIInterfaceOrientationPortraitUpsideDown UIInterfaceOrientationLandscapeLeft UIInterfaceOrientationLandscapeRight";
				INFOPLIST_KEY_UISupportedInterfaceOrientations_iPhone = "UIInterfaceOrientationPortrait UIInterfaceOrientationLandscapeLeft UIInterfaceOrientationLandscapeRight";
				LD_RUNPATH_SEARCH_PATHS = (
					"$(inherited)",
					"@executable_path/Frameworks",
				);
				MARKETING_VERSION = 1.0;
				PRODUCT_BUNDLE_IDENTIFIER = "borys.fedorchak.SportEventApp2-0";
				PRODUCT_NAME = "$(TARGET_NAME)";
				SWIFT_EMIT_LOC_STRINGS = YES;
				SWIFT_VERSION = 5.0;
				TARGETED_DEVICE_FAMILY = "1,2";
			};
			name = Release;
		};
/* End XCBuildConfiguration section */

/* Begin XCConfigurationList section */
		C4AFD88F2C68F5F700DB6225 /* Build configuration list for PBXProject "SportEventApp2.0" */ = {
			isa = XCConfigurationList;
			buildConfigurations = (
				C4AFD8A62C68F5F800DB6225 /* Debug */,
				C4AFD8A72C68F5F800DB6225 /* Release */,
			);
			defaultConfigurationIsVisible = 0;
			defaultConfigurationName = Release;
		};
		C4AFD8A82C68F5F800DB6225 /* Build configuration list for PBXNativeTarget "SportEventApp2.0" */ = {
			isa = XCConfigurationList;
			buildConfigurations = (
				C4AFD8A92C68F5F800DB6225 /* Debug */,
				C4AFD8AA2C68F5F800DB6225 /* Release */,
			);
			defaultConfigurationIsVisible = 0;
			defaultConfigurationName = Release;
		};
/* End XCConfigurationList section */

/* Begin XCRemoteSwiftPackageReference section */
		C4AFD8B82C6D2B0500DB6225 /* XCRemoteSwiftPackageReference "SnapKit" */ = {
			isa = XCRemoteSwiftPackageReference;
			repositoryURL = "https://github.com/SnapKit/SnapKit";
			requirement = {
				kind = upToNextMajorVersion;
				minimumVersion = 5.7.1;
			};
		};
/* End XCRemoteSwiftPackageReference section */

/* Begin XCSwiftPackageProductDependency section */
		C4AFD8B92C6D2B0500DB6225 /* SnapKit */ = {
			isa = XCSwiftPackageProductDependency;
			package = C4AFD8B82C6D2B0500DB6225 /* XCRemoteSwiftPackageReference "SnapKit" */;
			productName = SnapKit;
		};
/* End XCSwiftPackageProductDependency section */
	};
	rootObject = C4AFD88C2C68F5F700DB6225 /* Project object */;
}
